
Microsoft Visual Studio Solution File, Format Version 12.00
# Visual Studio Version 18
VisualStudioVersion = 18.4.11620.152 stable
MinimumVisualStudioVersion = 10.0.40219.1
Project("{FAE04EC0-301F-11D3-BF4B-00C04F79EFBC}") = "Stocko.Api", "Stocko.Api.csproj", "{CE6AEB11-E155-CDCB-82D8-70FB2F233B28}"
EndProject
Global
	GlobalSection(SolutionConfigurationPlatforms) = preSolution
		Debug|Any CPU = Debug|Any CPU
		Release|Any CPU = Release|Any CPU
	EndGlobalSection
	GlobalSection(ProjectConfigurationPlatforms) = postSolution
		{CE6AEB11-E155-CDCB-82D8-70FB2F233B28}.Debug|Any CPU.ActiveCfg = Debug|Any CPU
		{CE6AEB11-E155-CDCB-82D8-70FB2F233B28}.Debug|Any CPU.Build.0 = Debug|Any CPU
		{CE6AEB11-E155-CDCB-82D8-70FB2F233B28}.Release|Any CPU.ActiveCfg = Release|Any CPU
		{CE6AEB11-E155-CDCB-82D8-70FB2F233B28}.Release|Any CPU.Build.0 = Release|Any CPU
	EndGlobalSection
	GlobalSection(SolutionProperties) = preSolution
		HideSolutionNode = FALSE
	EndGlobalSection
	GlobalSection(ExtensibilityGlobals) = postSolution
		SolutionGuid = {D65A9292-5551-4E24-A9E0-17DBE86F4783}
	EndGlobalSection
EndGlobal
